
Microsoft Visual Studio Solution File, Format Version 12.00
# Visual Studio Version 17
VisualStudioVersion = 17.8.34322.80
MinimumVisualStudioVersion = 10.0.40219.1
Project("{FAE04EC0-301F-11D3-BF4B-00C04F79EFBC}") = "NuevaBibliotecaAlogritmosCuanticos", "NuevaBibliotecaAlogritmosCuanticos\NuevaBibliotecaAlogritmosCuanticos.csproj", "{EA22493C-04FE-4D80-81AC-1478931665FD}"
EndProject
Project("{2150E333-8FDC-42A3-9474-1A3956D46DE8}") = "Elementos de la solución", "Elementos de la solución", "{EA15F1A2-249F-4033-9E4B-2FE1D01DFA3D}"
	ProjectSection(SolutionItems) = preProject
		..\..\..\Downloads\condor.png = ..\..\..\Downloads\condor.png
		..\..\..\Downloads\grover.png = ..\..\..\Downloads\grover.png
	EndProjectSection
EndProject
Global
	GlobalSection(SolutionConfigurationPlatforms) = preSolution
		Debug|Any CPU = Debug|Any CPU
		Release|Any CPU = Release|Any CPU
	EndGlobalSection
	GlobalSection(ProjectConfigurationPlatforms) = postSolution
		{EA22493C-04FE-4D80-81AC-1478931665FD}.Debug|Any CPU.ActiveCfg = Debug|Any CPU
		{EA22493C-04FE-4D80-81AC-1478931665FD}.Debug|Any CPU.Build.0 = Debug|Any CPU
		{EA22493C-04FE-4D80-81AC-1478931665FD}.Release|Any CPU.ActiveCfg = Release|Any CPU
		{EA22493C-04FE-4D80-81AC-1478931665FD}.Release|Any CPU.Build.0 = Release|Any CPU
	EndGlobalSection
	GlobalSection(SolutionProperties) = preSolution
		HideSolutionNode = FALSE
	EndGlobalSection
	GlobalSection(ExtensibilityGlobals) = postSolution
		SolutionGuid = {42CC26D6-0A97-40D3-9980-79367CDC4E57}
	EndGlobalSection
EndGlobal
